
Microsoft Visual Studio Solution File, Format Version 12.00
# Visual Studio Version 17
VisualStudioVersion = 17.7.34202.233
MinimumVisualStudioVersion = 10.0.40219.1
Project("{FAE04EC0-301F-11D3-BF4B-00C04F79EFBC}") = "BstuGO.Android", "BstuGO\BstuGO.Android\BstuGO.Android.csproj", "{E6004AAB-E1D6-423A-9526-20899024382E}"
EndProject
Project("{FAE04EC0-301F-11D3-BF4B-00C04F79EFBC}") = "BstuGO.iOS", "BstuGO\BstuGO.iOS\BstuGO.iOS.csproj", "{37355441-FE1D-4D9A-8D7C-655A9E6C6F2A}"
EndProject
Project("{FAE04EC0-301F-11D3-BF4B-00C04F79EFBC}") = "BstuGO", "BstuGO\BstuGO\BstuGO.csproj", "{32FFA266-97B5-4E1B-A4CB-16A67E1D3427}"
EndProject
Global
	GlobalSection(SolutionConfigurationPlatforms) = preSolution
		Debug|Any CPU = Debug|Any CPU
		Debug|iPhone = Debug|iPhone
		Debug|iPhoneSimulator = Debug|iPhoneSimulator
		Release|Any CPU = Release|Any CPU
		Release|iPhone = Release|iPhone
		Release|iPhoneSimulator = Release|iPhoneSimulator
	EndGlobalSection
	GlobalSection(ProjectConfigurationPlatforms) = postSolution
		{E6004AAB-E1D6-423A-9526-20899024382E}.Debug|Any CPU.ActiveCfg = Debug|Any CPU
		{E6004AAB-E1D6-423A-9526-20899024382E}.Debug|Any CPU.Build.0 = Debug|Any CPU
		{E6004AAB-E1D6-423A-9526-20899024382E}.Debug|Any CPU.Deploy.0 = Debug|Any CPU
		{E6004AAB-E1D6-423A-9526-20899024382E}.Debug|iPhone.ActiveCfg = Debug|Any CPU
		{E6004AAB-E1D6-423A-9526-20899024382E}.Debug|iPhone.Build.0 = Debug|Any CPU
		{E6004AAB-E1D6-423A-9526-20899024382E}.Debug|iPhone.Deploy.0 = Debug|Any CPU
		{E6004AAB-E1D6-423A-9526-20899024382E}.Debug|iPhoneSimulator.ActiveCfg = Debug|Any CPU
		{E6004AAB-E1D6-423A-9526-20899024382E}.Debug|iPhoneSimulator.Build.0 = Debug|Any CPU
		{E6004AAB-E1D6-423A-9526-20899024382E}.Debug|iPhoneSimulator.Deploy.0 = Debug|Any CPU
		{E6004AAB-E1D6-423A-9526-20899024382E}.Release|Any CPU.ActiveCfg = Release|Any CPU
		{E6004AAB-E1D6-423A-9526-20899024382E}.Release|Any CPU.Build.0 = Release|Any CPU
		{E6004AAB-E1D6-423A-9526-20899024382E}.Release|Any CPU.Deploy.0 = Release|Any CPU
		{E6004AAB-E1D6-423A-9526-20899024382E}.Release|iPhone.ActiveCfg = Release|Any CPU
		{E6004AAB-E1D6-423A-9526-20899024382E}.Release|iPhone.Build.0 = Release|Any CPU
		{E6004AAB-E1D6-423A-9526-20899024382E}.Release|iPhone.Deploy.0 = Release|Any CPU
		{E6004AAB-E1D6-423A-9526-20899024382E}.Release|iPhoneSimulator.ActiveCfg = Release|Any CPU
		{E6004AAB-E1D6-423A-9526-20899024382E}.Release|iPhoneSimulator.Build.0 = Release|Any CPU
		{E6004AAB-E1D6-423A-9526-20899024382E}.Release|iPhoneSimulator.Deploy.0 = Release|Any CPU
		{37355441-FE1D-4D9A-8D7C-655A9E6C6F2A}.Debug|Any CPU.ActiveCfg = Debug|iPhone
		{37355441-FE1D-4D9A-8D7C-655A9E6C6F2A}.Debug|Any CPU.Build.0 = Debug|iPhone
		{37355441-FE1D-4D9A-8D7C-655A9E6C6F2A}.Debug|Any CPU.Deploy.0 = Debug|iPhone
		{37355441-FE1D-4D9A-8D7C-655A9E6C6F2A}.Debug|iPhone.ActiveCfg = Debug|iPhone
		{37355441-FE1D-4D9A-8D7C-655A9E6C6F2A}.Debug|iPhone.Build.0 = Debug|iPhone
		{37355441-FE1D-4D9A-8D7C-655A9E6C6F2A}.Debug|iPhone.Deploy.0 = Debug|iPhone
		{37355441-FE1D-4D9A-8D7C-655A9E6C6F2A}.Debug|iPhoneSimulator.ActiveCfg = Debug|iPhoneSimulator
		{37355441-FE1D-4D9A-8D7C-655A9E6C6F2A}.Debug|iPhoneSimulator.Build.0 = Debug|iPhoneSimulator
		{37355441-FE1D-4D9A-8D7C-655A9E6C6F2A}.Debug|iPhoneSimulator.Deploy.0 = Debug|iPhoneSimulator
		{37355441-FE1D-4D9A-8D7C-655A9E6C6F2A}.Release|Any CPU.ActiveCfg = Release|iPhoneSimulator
		{37355441-FE1D-4D9A-8D7C-655A9E6C6F2A}.Release|Any CPU.Build.0 = Release|iPhoneSimulator
		{37355441-FE1D-4D9A-8D7C-655A9E6C6F2A}.Release|Any CPU.Deploy.0 = Release|iPhoneSimulator
		{37355441-FE1D-4D9A-8D7C-655A9E6C6F2A}.Release|iPhone.ActiveCfg = Release|iPhone
		{37355441-FE1D-4D9A-8D7C-655A9E6C6F2A}.Release|iPhone.Build.0 = Release|iPhone
		{37355441-FE1D-4D9A-8D7C-655A9E6C6F2A}.Release|iPhone.Deploy.0 = Release|iPhone
		{37355441-FE1D-4D9A-8D7C-655A9E6C6F2A}.Release|iPhoneSimulator.ActiveCfg = Release|iPhoneSimulator
		{37355441-FE1D-4D9A-8D7C-655A9E6C6F2A}.Release|iPhoneSimulator.Build.0 = Release|iPhoneSimulator
		{37355441-FE1D-4D9A-8D7C-655A9E6C6F2A}.Release|iPhoneSimulator.Deploy.0 = Release|iPhoneSimulator
		{32FFA266-97B5-4E1B-A4CB-16A67E1D3427}.Debug|Any CPU.ActiveCfg = Debug|Any CPU
		{32FFA266-97B5-4E1B-A4CB-16A67E1D3427}.Debug|Any CPU.Build.0 = Debug|Any CPU
		{32FFA266-97B5-4E1B-A4CB-16A67E1D3427}.Debug|Any CPU.Deploy.0 = Debug|Any CPU
		{32FFA266-97B5-4E1B-A4CB-16A67E1D3427}.Debug|iPhone.ActiveCfg = Debug|Any CPU
		{32FFA266-97B5-4E1B-A4CB-16A67E1D3427}.Debug|iPhone.Build.0 = Debug|Any CPU
		{32FFA266-97B5-4E1B-A4CB-16A67E1D3427}.Debug|iPhone.Deploy.0 = Debug|Any CPU
		{32FFA266-97B5-4E1B-A4CB-16A67E1D3427}.Debug|iPhoneSimulator.ActiveCfg = Debug|Any CPU
		{32FFA266-97B5-4E1B-A4CB-16A67E1D3427}.Debug|iPhoneSimulator.Build.0 = Debug|Any CPU
		{32FFA266-97B5-4E1B-A4CB-16A67E1D3427}.Debug|iPhoneSimulator.Deploy.0 = Debug|Any CPU
		{32FFA266-97B5-4E1B-A4CB-16A67E1D3427}.Release|Any CPU.ActiveCfg = Release|Any CPU
		{32FFA266-97B5-4E1B-A4CB-16A67E1D3427}.Release|Any CPU.Build.0 = Release|Any CPU
		{32FFA266-97B5-4E1B-A4CB-16A67E1D3427}.Release|Any CPU.Deploy.0 = Release|Any CPU
		{32FFA266-97B5-4E1B-A4CB-16A67E1D3427}.Release|iPhone.ActiveCfg = Release|Any CPU
		{32FFA266-97B5-4E1B-A4CB-16A67E1D3427}.Release|iPhone.Build.0 = Release|Any CPU
		{32FFA266-97B5-4E1B-A4CB-16A67E1D3427}.Release|iPhone.Deploy.0 = Release|Any CPU
		{32FFA266-97B5-4E1B-A4CB-16A67E1D3427}.Release|iPhoneSimulator.ActiveCfg = Release|Any CPU
		{32FFA266-97B5-4E1B-A4CB-16A67E1D3427}.Release|iPhoneSimulator.Build.0 = Release|Any CPU
		{32FFA266-97B5-4E1B-A4CB-16A67E1D3427}.Release|iPhoneSimulator.Deploy.0 = Release|Any CPU
	EndGlobalSection
	GlobalSection(SolutionProperties) = preSolution
		HideSolutionNode = FALSE
	EndGlobalSection
	GlobalSection(ExtensibilityGlobals) = postSolution
		SolutionGuid = {9ED29B93-1B91-40E5-A5F6-EB8D82DD4DC8}
	EndGlobalSection
EndGlobal
